
Microsoft Visual Studio Solution File, Format Version 12.00
# Visual Studio Version 17
VisualStudioVersion = 17.13.35825.156 d17.13
MinimumVisualStudioVersion = 10.0.40219.1
Project("{FAE04EC0-301F-11D3-BF4B-00C04F79EFBC}") = "REPEATER_CONTROL", "REPEATER_CONTROL\REPEATER_CONTROL.csproj", "{38CEF4D3-BF18-4320-B06A-80900E5490CC}"
EndProject
Global
	GlobalSection(SolutionConfigurationPlatforms) = preSolution
		Debug|Any CPU = Debug|Any CPU
		Release|Any CPU = Release|Any CPU
	EndGlobalSection
	GlobalSection(ProjectConfigurationPlatforms) = postSolution
		{38CEF4D3-BF18-4320-B06A-80900E5490CC}.Debug|Any CPU.ActiveCfg = Debug|Any CPU
		{38CEF4D3-BF18-4320-B06A-80900E5490CC}.Debug|Any CPU.Build.0 = Debug|Any CPU
		{38CEF4D3-BF18-4320-B06A-80900E5490CC}.Release|Any CPU.ActiveCfg = Release|Any CPU
		{38CEF4D3-BF18-4320-B06A-80900E5490CC}.Release|Any CPU.Build.0 = Release|Any CPU
	EndGlobalSection
	GlobalSection(SolutionProperties) = preSolution
		HideSolutionNode = FALSE
	EndGlobalSection
	GlobalSection(ExtensibilityGlobals) = postSolution
		SolutionGuid = {80A375A8-F3DE-44F0-8CFD-8CDD0FE766C7}
	EndGlobalSection
EndGlobal
