
Microsoft Visual Studio Solution File, Format Version 12.00
# Visual Studio Version 17
VisualStudioVersion = 17.13.35828.75 d17.13
MinimumVisualStudioVersion = 10.0.40219.1
Project("{FAE04EC0-301F-11D3-BF4B-00C04F79EFBC}") = "User_Authentication", "User_Authentication\User_Authentication.csproj", "{EDFBDAC2-42BC-462B-A257-952AFE0AAF53}"
EndProject
Global
	GlobalSection(SolutionConfigurationPlatforms) = preSolution
		Debug|Any CPU = Debug|Any CPU
		Release|Any CPU = Release|Any CPU
	EndGlobalSection
	GlobalSection(ProjectConfigurationPlatforms) = postSolution
		{EDFBDAC2-42BC-462B-A257-952AFE0AAF53}.Debug|Any CPU.ActiveCfg = Debug|Any CPU
		{EDFBDAC2-42BC-462B-A257-952AFE0AAF53}.Debug|Any CPU.Build.0 = Debug|Any CPU
		{EDFBDAC2-42BC-462B-A257-952AFE0AAF53}.Release|Any CPU.ActiveCfg = Release|Any CPU
		{EDFBDAC2-42BC-462B-A257-952AFE0AAF53}.Release|Any CPU.Build.0 = Release|Any CPU
	EndGlobalSection
	GlobalSection(SolutionProperties) = preSolution
		HideSolutionNode = FALSE
	EndGlobalSection
	GlobalSection(ExtensibilityGlobals) = postSolution
		SolutionGuid = {DEA56B8C-1E6B-40DE-90ED-B35CCDC0D0D2}
	EndGlobalSection
EndGlobal
