
Microsoft Visual Studio Solution File, Format Version 12.00
# Visual Studio Version 17
VisualStudioVersion = 17.13.35825.156
MinimumVisualStudioVersion = 10.0.40219.1
Project("{FAE04EC0-301F-11D3-BF4B-00C04F79EFBC}") = "STORE (Inventory Management System)", "STORE\STORE (Inventory Management System).csproj", "{3167F89F-1995-4742-8C32-675162F0BC12}"
EndProject
Global
	GlobalSection(SolutionConfigurationPlatforms) = preSolution
		Debug|Any CPU = Debug|Any CPU
		Release|Any CPU = Release|Any CPU
	EndGlobalSection
	GlobalSection(ProjectConfigurationPlatforms) = postSolution
		{3167F89F-1995-4742-8C32-675162F0BC12}.Debug|Any CPU.ActiveCfg = Debug|Any CPU
		{3167F89F-1995-4742-8C32-675162F0BC12}.Debug|Any CPU.Build.0 = Debug|Any CPU
		{3167F89F-1995-4742-8C32-675162F0BC12}.Release|Any CPU.ActiveCfg = Release|Any CPU
		{3167F89F-1995-4742-8C32-675162F0BC12}.Release|Any CPU.Build.0 = Release|Any CPU
	EndGlobalSection
	GlobalSection(SolutionProperties) = preSolution
		HideSolutionNode = FALSE
	EndGlobalSection
	GlobalSection(ExtensibilityGlobals) = postSolution
		SolutionGuid = {7EFC0963-ADEA-4F47-B4FF-3E9B5CFA760B}
	EndGlobalSection
EndGlobal
