
Microsoft Visual Studio Solution File, Format Version 12.00
# Visual Studio Version 17
VisualStudioVersion = 17.13.35825.156 d17.13
MinimumVisualStudioVersion = 10.0.40219.1
Project("{FAE04EC0-301F-11D3-BF4B-00C04F79EFBC}") = "Query_String", "Query_String\Query_String.csproj", "{26EDAFE7-AC4D-454C-B780-DB11DA321F84}"
EndProject
Global
	GlobalSection(SolutionConfigurationPlatforms) = preSolution
		Debug|Any CPU = Debug|Any CPU
		Release|Any CPU = Release|Any CPU
	EndGlobalSection
	GlobalSection(ProjectConfigurationPlatforms) = postSolution
		{26EDAFE7-AC4D-454C-B780-DB11DA321F84}.Debug|Any CPU.ActiveCfg = Debug|Any CPU
		{26EDAFE7-AC4D-454C-B780-DB11DA321F84}.Debug|Any CPU.Build.0 = Debug|Any CPU
		{26EDAFE7-AC4D-454C-B780-DB11DA321F84}.Release|Any CPU.ActiveCfg = Release|Any CPU
		{26EDAFE7-AC4D-454C-B780-DB11DA321F84}.Release|Any CPU.Build.0 = Release|Any CPU
	EndGlobalSection
	GlobalSection(SolutionProperties) = preSolution
		HideSolutionNode = FALSE
	EndGlobalSection
	GlobalSection(ExtensibilityGlobals) = postSolution
		SolutionGuid = {1964CE4A-E197-49B5-BA5C-FBC7A08DDAE5}
	EndGlobalSection
EndGlobal
