
Microsoft Visual Studio Solution File, Format Version 12.00
# Visual Studio Version 17
VisualStudioVersion = 17.13.35825.156 d17.13
MinimumVisualStudioVersion = 10.0.40219.1
Project("{FAE04EC0-301F-11D3-BF4B-00C04F79EFBC}") = "ANOTHER_EXAMPLE_CV", "ANOTHER_EXAMPLE_CV\ANOTHER_EXAMPLE_CV.csproj", "{957973C0-E62E-4E25-84DF-B28F66C38AFD}"
EndProject
Global
	GlobalSection(SolutionConfigurationPlatforms) = preSolution
		Debug|Any CPU = Debug|Any CPU
		Release|Any CPU = Release|Any CPU
	EndGlobalSection
	GlobalSection(ProjectConfigurationPlatforms) = postSolution
		{957973C0-E62E-4E25-84DF-B28F66C38AFD}.Debug|Any CPU.ActiveCfg = Debug|Any CPU
		{957973C0-E62E-4E25-84DF-B28F66C38AFD}.Debug|Any CPU.Build.0 = Debug|Any CPU
		{957973C0-E62E-4E25-84DF-B28F66C38AFD}.Release|Any CPU.ActiveCfg = Release|Any CPU
		{957973C0-E62E-4E25-84DF-B28F66C38AFD}.Release|Any CPU.Build.0 = Release|Any CPU
	EndGlobalSection
	GlobalSection(SolutionProperties) = preSolution
		HideSolutionNode = FALSE
	EndGlobalSection
	GlobalSection(ExtensibilityGlobals) = postSolution
		SolutionGuid = {81789672-38D2-4DF2-8956-DF5D8D6924EA}
	EndGlobalSection
EndGlobal
