
Microsoft Visual Studio Solution File, Format Version 12.00
# Visual Studio Version 17
VisualStudioVersion = 17.13.35825.156 d17.13
MinimumVisualStudioVersion = 10.0.40219.1
Project("{FAE04EC0-301F-11D3-BF4B-00C04F79EFBC}") = "Nested_MasterPage_Test", "Nested_MasterPage_Test\Nested_MasterPage_Test.csproj", "{9FE9471B-E7EC-4F11-AD0B-09E2C155862B}"
EndProject
Global
	GlobalSection(SolutionConfigurationPlatforms) = preSolution
		Debug|Any CPU = Debug|Any CPU
		Release|Any CPU = Release|Any CPU
	EndGlobalSection
	GlobalSection(ProjectConfigurationPlatforms) = postSolution
		{9FE9471B-E7EC-4F11-AD0B-09E2C155862B}.Debug|Any CPU.ActiveCfg = Debug|Any CPU
		{9FE9471B-E7EC-4F11-AD0B-09E2C155862B}.Debug|Any CPU.Build.0 = Debug|Any CPU
		{9FE9471B-E7EC-4F11-AD0B-09E2C155862B}.Release|Any CPU.ActiveCfg = Release|Any CPU
		{9FE9471B-E7EC-4F11-AD0B-09E2C155862B}.Release|Any CPU.Build.0 = Release|Any CPU
	EndGlobalSection
	GlobalSection(SolutionProperties) = preSolution
		HideSolutionNode = FALSE
	EndGlobalSection
	GlobalSection(ExtensibilityGlobals) = postSolution
		SolutionGuid = {E15780EE-1F25-49F0-A9B1-95E9EF950244}
	EndGlobalSection
EndGlobal
