
Microsoft Visual Studio Solution File, Format Version 12.00
# Visual Studio Version 17
VisualStudioVersion = 17.13.35825.156 d17.13
MinimumVisualStudioVersion = 10.0.40219.1
Project("{FAE04EC0-301F-11D3-BF4B-00C04F79EFBC}") = "MY_FIRST_PROJECT", "MY_FIRST_PROJECT\MY_FIRST_PROJECT.csproj", "{921988A4-6764-4D7A-BB06-8F00AA237A97}"
EndProject
Global
	GlobalSection(SolutionConfigurationPlatforms) = preSolution
		Debug|Any CPU = Debug|Any CPU
		Release|Any CPU = Release|Any CPU
	EndGlobalSection
	GlobalSection(ProjectConfigurationPlatforms) = postSolution
		{921988A4-6764-4D7A-BB06-8F00AA237A97}.Debug|Any CPU.ActiveCfg = Debug|Any CPU
		{921988A4-6764-4D7A-BB06-8F00AA237A97}.Debug|Any CPU.Build.0 = Debug|Any CPU
		{921988A4-6764-4D7A-BB06-8F00AA237A97}.Release|Any CPU.ActiveCfg = Release|Any CPU
		{921988A4-6764-4D7A-BB06-8F00AA237A97}.Release|Any CPU.Build.0 = Release|Any CPU
	EndGlobalSection
	GlobalSection(SolutionProperties) = preSolution
		HideSolutionNode = FALSE
	EndGlobalSection
	GlobalSection(ExtensibilityGlobals) = postSolution
		SolutionGuid = {2C84245E-A331-4D4A-885D-318C526B75F8}
	EndGlobalSection
EndGlobal
